github.com/mattn/go-pointer v0.0.1 h1:n+XhsuGeVO6MEAp7xyEukFINEa+Quek5psIR/ylA6o0=
github.com/mattn/go-pointer v0.0.1/go.mod h1:2zXcozF6qYGgmsG+SeTZz3oAbFLdD3OWqnUbNvJZAlc=
github.com/pantoniou/go-fyaml v0.0.1 h1:vHV+OsDyVuoOHXq6LRtKBME/4gqGZRMjLJjxdZ563jI=
github.com/pantoniou/go-fyaml v0.0.1/go.mod h1:jDXVxzQpAGuvDmVSUDC+vQFKhuk8Si+aJZJAv3ZNxoE=
